
Microsoft Visual Studio Solution File, Format Version 12.00
# Visual Studio Version 16
VisualStudioVersion = 16.0.29209.62
MinimumVisualStudioVersion = 10.0.40219.1
Project("{FAE04EC0-301F-11D3-BF4B-00C04F79EFBC}") = "Part 3 Assignment", "Part 3 Assignment.csproj", "{C0B4F455-C99F-46B0-85C6-F8EE24A39CB4}"
EndProject
Global
	GlobalSection(SolutionConfigurationPlatforms) = preSolution
		Debug|Any CPU = Debug|Any CPU
		Release|Any CPU = Release|Any CPU
	EndGlobalSection
	GlobalSection(ProjectConfigurationPlatforms) = postSolution
		{C0B4F455-C99F-46B0-85C6-F8EE24A39CB4}.Debug|Any CPU.ActiveCfg = Debug|Any CPU
		{C0B4F455-C99F-46B0-85C6-F8EE24A39CB4}.Debug|Any CPU.Build.0 = Debug|Any CPU
		{C0B4F455-C99F-46B0-85C6-F8EE24A39CB4}.Release|Any CPU.ActiveCfg = Release|Any CPU
		{C0B4F455-C99F-46B0-85C6-F8EE24A39CB4}.Release|Any CPU.Build.0 = Release|Any CPU
	EndGlobalSection
	GlobalSection(SolutionProperties) = preSolution
		HideSolutionNode = FALSE
	EndGlobalSection
	GlobalSection(ExtensibilityGlobals) = postSolution
		SolutionGuid = {6A634937-8EBA-45B7-9532-E339EDC477A6}
	EndGlobalSection
EndGlobal
